
Microsoft Visual Studio Solution File, Format Version 12.00
# Visual Studio 2013
VisualStudioVersion = 12.0.30501.0
MinimumVisualStudioVersion = 10.0.40219.1
Project("{E24C65DC-7377-472B-9ABA-BC803B73C61A}") = "Library", "http://localhost:51375", "{5922C835-12F7-4D7C-9686-F7F6B1E24DB8}"
	ProjectSection(WebsiteProperties) = preProject
		UseIISExpress = "true"
		TargetFrameworkMoniker = ".NETFramework,Version%3Dv4.0"
		Debug.AspNetCompiler.VirtualPath = "/localhost_51375"
		Debug.AspNetCompiler.PhysicalPath = "..\..\..\..\..\..\Projects\Library\"
		Debug.AspNetCompiler.TargetPath = "PrecompiledWeb\localhost_51375\"
		Debug.AspNetCompiler.Updateable = "true"
		Debug.AspNetCompiler.ForceOverwrite = "true"
		Debug.AspNetCompiler.FixedNames = "false"
		Debug.AspNetCompiler.Debug = "True"
		Release.AspNetCompiler.VirtualPath = "/localhost_51375"
		Release.AspNetCompiler.PhysicalPath = "..\..\..\..\..\..\Projects\Library\"
		Release.AspNetCompiler.TargetPath = "PrecompiledWeb\localhost_51375\"
		Release.AspNetCompiler.Updateable = "true"
		Release.AspNetCompiler.ForceOverwrite = "true"
		Release.AspNetCompiler.FixedNames = "false"
		Release.AspNetCompiler.Debug = "False"
		SlnRelativePath = "..\..\..\..\..\..\Projects\Library\"
	EndProjectSection
EndProject
Global
	GlobalSection(SolutionConfigurationPlatforms) = preSolution
		Debug|Any CPU = Debug|Any CPU
	EndGlobalSection
	GlobalSection(ProjectConfigurationPlatforms) = postSolution
		{5922C835-12F7-4D7C-9686-F7F6B1E24DB8}.Debug|Any CPU.ActiveCfg = Debug|Any CPU
		{5922C835-12F7-4D7C-9686-F7F6B1E24DB8}.Debug|Any CPU.Build.0 = Debug|Any CPU
	EndGlobalSection
	GlobalSection(SolutionProperties) = preSolution
		HideSolutionNode = FALSE
	EndGlobalSection
EndGlobal
